lockfileVersion: '9.0'

settings:
  autoInstallPeers: true
  excludeLinksFromLockfile: false

importers:

  .:
    devDependencies:
      '@trivago/prettier-plugin-sort-imports':
        specifier: ^6.0.2
        version: 6.0.2(prettier@3.8.1)
      '@types/node':
        specifier: ^25.2.0
        version: 25.2.0
      prettier:
        specifier: ^3.8.1
        version: 3.8.1
      twitch-gql-queries:
        specifier: ^0.1.21
        version: 0.1.21
      twitch-regex:
        specifier: ^0.1.3
        version: 0.1.3
      typescript:
        specifier: ^5.9.3
        version: 5.9.3

packages:

  '@babel/code-frame@7.28.6':
    resolution: {integrity: sha512-JYgintcMjRiCvS8mMECzaEn+m3PfoQiyqukOMCCVQtoJGYJw8j/8LBJEiqkHLkfwCcs74E3pbAUFNg7d9VNJ+Q==}
    engines: {node: '>=6.9.0'}

  '@babel/generator@7.28.6':
    resolution: {integrity: sha512-lOoVRwADj8hjf7al89tvQ2a1lf53Z+7tiXMgpZJL3maQPDxh0DgLMN62B2MKUOFcoodBHLMbDM6WAbKgNy5Suw==}
    engines: {node: '>=6.9.0'}

  '@babel/helper-globals@7.28.0':
    resolution: {integrity: sha512-+W6cISkXFa1jXsDEdYA8HeevQT/FULhxzR99pxphltZcVaugps53THCeiWA8SguxxpSp3gKPiuYfSWopkLQ4hw==}
    engines: {node: '>=6.9.0'}

  '@babel/helper-string-parser@7.27.1':
    resolution: {integrity: sha512-qMlSxKbpRlAridDExk92nSobyDdpPijUq2DW6oDnUqd0iOGxmQjyqhMIihI9+zv4LPyZdRje2cavWPbCbWm3eA==}
    engines: {node: '>=6.9.0'}

  '@babel/helper-validator-identifier@7.28.5':
    resolution: {integrity: sha512-qSs4ifwzKJSV39ucNjsvc6WVHs6b7S03sOh2OcHF9UHfVPqWWALUsNUVzhSBiItjRZoLHx7nIarVjqKVusUZ1Q==}
    engines: {node: '>=6.9.0'}

  '@babel/parser@7.28.6':
    resolution: {integrity: sha512-TeR9zWR18BvbfPmGbLampPMW+uW1NZnJlRuuHso8i87QZNq2JRF9i6RgxRqtEq+wQGsS19NNTWr2duhnE49mfQ==}
    engines: {node: '>=6.0.0'}
    hasBin: true

  '@babel/template@7.28.6':
    resolution: {integrity: sha512-YA6Ma2KsCdGb+WC6UpBVFJGXL58MDA6oyONbjyF/+5sBgxY/dwkhLogbMT2GXXyU84/IhRw/2D1Os1B/giz+BQ==}
    engines: {node: '>=6.9.0'}

  '@babel/traverse@7.28.6':
    resolution: {integrity: sha512-fgWX62k02qtjqdSNTAGxmKYY/7FSL9WAS1o2Hu5+I5m9T0yxZzr4cnrfXQ/MX0rIifthCSs6FKTlzYbJcPtMNg==}
    engines: {node: '>=6.9.0'}

  '@babel/types@7.28.6':
    resolution: {integrity: sha512-0ZrskXVEHSWIqZM/sQZ4EV3jZJXRkio/WCxaqKZP1g//CEWEPSfeZFcms4XeKBCHU0ZKnIkdJeU/kF+eRp5lBg==}
    engines: {node: '>=6.9.0'}

  '@jridgewell/gen-mapping@0.3.13':
    resolution: {integrity: sha512-2kkt/7niJ6MgEPxF0bYdQ6etZaA+fQvDcLKckhy1yIQOzaoKjBBjSj63/aLVjYE3qhRt5dvM+uUyfCg6UKCBbA==}

  '@jridgewell/resolve-uri@3.1.2':
    resolution: {integrity: sha512-bRISgCIjP20/tbWSPWMEi54QVPRZExkuD9lJL+UIxUKtwVJA8wW1Trb1jMs1RFXo1CBTNZ/5hpC9QvmKWdopKw==}
    engines: {node: '>=6.0.0'}

  '@jridgewell/sourcemap-codec@1.5.5':
    resolution: {integrity: sha512-cYQ9310grqxueWbl+WuIUIaiUaDcj7WOq5fVhEljNVgRfOUhY9fy2zTvfoqWsnebh8Sl70VScFbICvJnLKB0Og==}

  '@jridgewell/trace-mapping@0.3.31':
    resolution: {integrity: sha512-zzNR+SdQSDJzc8joaeP8QQoCQr8NuYx2dIIytl1QeBEZHJ9uW6hebsrYgbz8hJwUQao3TWCMtmfV8Nu1twOLAw==}

  '@trivago/prettier-plugin-sort-imports@6.0.2':
    resolution: {integrity: sha512-3DgfkukFyC/sE/VuYjaUUWoFfuVjPK55vOFDsxD56XXynFMCZDYFogH2l/hDfOsQAm1myoU/1xByJ3tWqtulXA==}
    engines: {node: '>= 20'}
    peerDependencies:
      '@vue/compiler-sfc': 3.x
      prettier: 2.x - 3.x
      prettier-plugin-ember-template-tag: '>= 2.0.0'
      prettier-plugin-svelte: 3.x
      svelte: 4.x || 5.x
    peerDependenciesMeta:
      '@vue/compiler-sfc':
        optional: true
      prettier-plugin-ember-template-tag:
        optional: true
      prettier-plugin-svelte:
        optional: true
      svelte:
        optional: true

  '@types/node@25.2.0':
    resolution: {integrity: sha512-DZ8VwRFUNzuqJ5khrvwMXHmvPe+zGayJhr2CDNiKB1WBE1ST8Djl00D0IC4vvNmHMdj6DlbYRIaFE7WHjlDl5w==}

  balanced-match@1.0.2:
    resolution: {integrity: sha512-3oSeUO0TMV67hN1AmbXsK4yaqU7tjiHlbxRDZOpH0KW9+CeX4bRAaX0Anxt0tx2MrpRpWwQaPwIlISEJhYU5Pw==}

  brace-expansion@2.0.2:
    resolution: {integrity: sha512-Jt0vHyM+jmUBqojB7E1NIYadt0vI0Qxjxd2TErW94wDz+E2LAm5vKMXXwg6ZZBTHPuUlDgQHKXvjGBdfcF1ZDQ==}

  debug@4.4.3:
    resolution: {integrity: sha512-RGwwWnwQvkVfavKVt22FGLw+xYSdzARwm0ru6DhTVA3umU5hZc28V3kO4stgYryrTlLpuvgI9GiijltAjNbcqA==}
    engines: {node: '>=6.0'}
    peerDependencies:
      supports-color: '*'
    peerDependenciesMeta:
      supports-color:
        optional: true

  javascript-natural-sort@0.7.1:
    resolution: {integrity: sha512-nO6jcEfZWQXDhOiBtG2KvKyEptz7RVbpGP4vTD2hLBdmNQSsCiicO2Ioinv6UI4y9ukqnBpy+XZ9H6uLNgJTlw==}

  js-tokens@4.0.0:
    resolution: {integrity: sha512-RdJUflcE3cUzKiMqQgsCu06FPu9UdIJO0beYbPhHN4k6apgJtifcoCtT9bcxOpYBtpD2kCM6Sbzg4CausW/PKQ==}

  jsesc@3.1.0:
    resolution: {integrity: sha512-/sM3dO2FOzXjKQhJuo0Q173wf2KOo8t4I8vHy6lF9poUp7bKT0/NHE8fPX23PwfhnykfqnC2xRxOnVw5XuGIaA==}
    engines: {node: '>=6'}
    hasBin: true

  lodash-es@4.17.22:
    resolution: {integrity: sha512-XEawp1t0gxSi9x01glktRZ5HDy0HXqrM0x5pXQM98EaI0NxO6jVM7omDOxsuEo5UIASAnm2bRp1Jt/e0a2XU8Q==}

  minimatch@9.0.5:
    resolution: {integrity: sha512-G6T0ZX48xgozx7587koeX9Ys2NYy6Gmv//P89sEte9V9whIapMNF4idKxnW2QtCcLiTWlb/wfCabAtAFWhhBow==}
    engines: {node: '>=16 || 14 >=14.17'}

  ms@2.1.3:
    resolution: {integrity: sha512-6FlzubTLZG3J2a/NVCAleEhjzq5oxgHyaCU9yYXvcLsvoVaHJq/s5xXI6/XXP6tz7R9xAOtHnSO/tXtF3WRTlA==}

  parse-imports-exports@0.2.4:
    resolution: {integrity: sha512-4s6vd6dx1AotCx/RCI2m7t7GCh5bDRUtGNvRfHSP2wbBQdMi67pPe7mtzmgwcaQ8VKK/6IB7Glfyu3qdZJPybQ==}

  parse-statements@1.0.11:
    resolution: {integrity: sha512-HlsyYdMBnbPQ9Jr/VgJ1YF4scnldvJpJxCVx6KgqPL4dxppsWrJHCIIxQXMJrqGnsRkNPATbeMJ8Yxu7JMsYcA==}

  picocolors@1.1.1:
    resolution: {integrity: sha512-xceH2snhtb5M9liqDsmEw56le376mTZkEX/jEb/RxNFyegNul7eNslCXP9FDj/Lcu0X8KEyMceP2ntpaHrDEVA==}

  prettier@3.8.1:
    resolution: {integrity: sha512-UOnG6LftzbdaHZcKoPFtOcCKztrQ57WkHDeRD9t/PTQtmT0NHSeWWepj6pS0z/N7+08BHFDQVUrfmfMRcZwbMg==}
    engines: {node: '>=14'}
    hasBin: true

  twitch-gql-queries@0.1.21:
    resolution: {integrity: sha512-1EAQFUZMs3k2rF+5qXq3dRmWQVL4avyi/Z0NR2EccztvKmSTYXmQgs0oiO9ECViS2wLVKa/TfmXizaXl0mfOBA==}

  twitch-regex@0.1.3:
    resolution: {integrity: sha512-7NJn4fRBlwhDlBdzWAAVdTvDruNuEfqKHGufcHpMpZlMFuuXNl61Nt2o8V550WVHs8XRkXlEJsUp3eATuE9big==}

  typescript@5.9.3:
    resolution: {integrity: sha512-jl1vZzPDinLr9eUt3J/t7V6FgNEw9QjvBPdysz9KfQDD41fQrC2Y4vKQdiaUpFT4bXlb1RHhLpp8wtm6M5TgSw==}
    engines: {node: '>=14.17'}
    hasBin: true

  undici-types@7.16.0:
    resolution: {integrity: sha512-Zz+aZWSj8LE6zoxD+xrjh4VfkIG8Ya6LvYkZqtUQGJPZjYl53ypCaUwWqo7eI0x66KBGeRo+mlBEkMSeSZ38Nw==}

snapshots:

  '@babel/code-frame@7.28.6':
    dependencies:
      '@babel/helper-validator-identifier': 7.28.5
      js-tokens: 4.0.0
      picocolors: 1.1.1

  '@babel/generator@7.28.6':
    dependencies:
      '@babel/parser': 7.28.6
      '@babel/types': 7.28.6
      '@jridgewell/gen-mapping': 0.3.13
      '@jridgewell/trace-mapping': 0.3.31
      jsesc: 3.1.0

  '@babel/helper-globals@7.28.0': {}

  '@babel/helper-string-parser@7.27.1': {}

  '@babel/helper-validator-identifier@7.28.5': {}

  '@babel/parser@7.28.6':
    dependencies:
      '@babel/types': 7.28.6

  '@babel/template@7.28.6':
    dependencies:
      '@babel/code-frame': 7.28.6
      '@babel/parser': 7.28.6
      '@babel/types': 7.28.6

  '@babel/traverse@7.28.6':
    dependencies:
      '@babel/code-frame': 7.28.6
      '@babel/generator': 7.28.6
      '@babel/helper-globals': 7.28.0
      '@babel/parser': 7.28.6
      '@babel/template': 7.28.6
      '@babel/types': 7.28.6
      debug: 4.4.3
    transitivePeerDependencies:
      - supports-color

  '@babel/types@7.28.6':
    dependencies:
      '@babel/helper-string-parser': 7.27.1
      '@babel/helper-validator-identifier': 7.28.5

  '@jridgewell/gen-mapping@0.3.13':
    dependencies:
      '@jridgewell/sourcemap-codec': 1.5.5
      '@jridgewell/trace-mapping': 0.3.31

  '@jridgewell/resolve-uri@3.1.2': {}

  '@jridgewell/sourcemap-codec@1.5.5': {}

  '@jridgewell/trace-mapping@0.3.31':
    dependencies:
      '@jridgewell/resolve-uri': 3.1.2
      '@jridgewell/sourcemap-codec': 1.5.5

  '@trivago/prettier-plugin-sort-imports@6.0.2(prettier@3.8.1)':
    dependencies:
      '@babel/generator': 7.28.6
      '@babel/parser': 7.28.6
      '@babel/traverse': 7.28.6
      '@babel/types': 7.28.6
      javascript-natural-sort: 0.7.1
      lodash-es: 4.17.22
      minimatch: 9.0.5
      parse-imports-exports: 0.2.4
      prettier: 3.8.1
    transitivePeerDependencies:
      - supports-color

  '@types/node@25.2.0':
    dependencies:
      undici-types: 7.16.0

  balanced-match@1.0.2: {}

  brace-expansion@2.0.2:
    dependencies:
      balanced-match: 1.0.2

  debug@4.4.3:
    dependencies:
      ms: 2.1.3

  javascript-natural-sort@0.7.1: {}

  js-tokens@4.0.0: {}

  jsesc@3.1.0: {}

  lodash-es@4.17.22: {}

  minimatch@9.0.5:
    dependencies:
      brace-expansion: 2.0.2

  ms@2.1.3: {}

  parse-imports-exports@0.2.4:
    dependencies:
      parse-statements: 1.0.11

  parse-statements@1.0.11: {}

  picocolors@1.1.1: {}

  prettier@3.8.1: {}

  twitch-gql-queries@0.1.21: {}

  twitch-regex@0.1.3: {}

  typescript@5.9.3: {}

  undici-types@7.16.0: {}
